<?xml version="1.0" encoding="UTF-8" standalone="yes" ?>
<CodeBlocks_project_file>
	<FileVersion major="1" minor="6" />
	<Project>
		<Option title="dOPUS" />
		<Option makefile_is_custom="1" />
		<Option execution_dir="${PROJECT_DIR}" />
		<Option pch_mode="2" />
		<Option compiler="devkitpro_a64_compiler" />
		<Build>
			<Target title="Debug">
				<Option output="$(PROJECT_NAME)d" prefix_auto="1" extension_auto="1" />
				<Option object_output="obj/Release/" />
				<Option type="1" />
				<Option compiler="devkitpro_a64_compiler" />
				<Compiler>
					<Add option="-O2" />
				</Compiler>
				<Linker>
					<Add option="-s" />
				</Linker>
				<MakeCommands>
					<Build command="$make -f $makefile DEBUG=1" />
					<CompileFile command="$make -f $makefile DEBUG=1" />
					<Clean command="$make -f $makefile DEBUG=1 clean" />
					<DistClean command="$make -f $makefile distclean$target" />
					<AskRebuildNeeded command="$make -q -f $makefile DEBUG=1 clean" />
					<SilentBuild command="$make -f $makefile DEBUG=1 &gt; $(CMD_NULL)" />
				</MakeCommands>
			</Target>
			<Target title="Release">
				<Option output="TemplateCodeBlock" prefix_auto="1" extension_auto="1" />
				<Option object_output="obj/Release/" />
				<Option type="1" />
				<Option compiler="devkitpro_a64_compiler" />
				<Compiler>
					<Add option="-O2" />
				</Compiler>
				<Linker>
					<Add option="-s" />
				</Linker>
				<MakeCommands>
					<Build command="$make -f $makefile DEBUG=0" />
					<CompileFile command="$make -f $makefile DEBUG=0" />
					<Clean command="$make -f $makefile DEBUG=0 clean" />
					<DistClean command="$make -f $makefile distclean$target" />
					<AskRebuildNeeded command="$make -q -f $makefile DEBUG=0 clean" />
					<SilentBuild command="$make -f $makefile DEBUG=0 &gt; $(CMD_NULL)" />
				</MakeCommands>
			</Target>
		</Build>
		<Compiler>
			<Add option="-Wall" />
		</Compiler>
		<Unit filename="Makefile" />
		<Unit filename="_debug/SDLHelper.d" />
		<Unit filename="_debug/SDLRender.d" />
		<Unit filename="_debug/app.d" />
		<Unit filename="_debug/appInstaller.d" />
		<Unit filename="_debug/byte_buffer.d" />
		<Unit filename="_debug/common.d" />
		<Unit filename="_debug/content_meta.d" />
		<Unit filename="_debug/es.d" />
		<Unit filename="_debug/fileHelper.d" />
		<Unit filename="_debug/fs.d" />
		<Unit filename="_debug/gui.d" />
		<Unit filename="_debug/guiFileBrowser.d" />
		<Unit filename="_debug/ncm.d" />
		<Unit filename="_debug/ncm_ext.d" />
		<Unit filename="_debug/ns_ext.d" />
		<Unit filename="_debug/simpleFilesystem.d" />
		<Unit filename="_debug/simple_filesystem.d" />
		<Unit filename="_debug/title_util.d" />
		<Unit filename="_debug/utils.d" />
		<Unit filename="_release/SDLHelper.d" />
		<Unit filename="_release/SDLRender.d" />
		<Unit filename="_release/app.d" />
		<Unit filename="_release/appInstaller.d" />
		<Unit filename="_release/byte_buffer.d" />
		<Unit filename="_release/common.d" />
		<Unit filename="_release/content_meta.d" />
		<Unit filename="_release/es.d" />
		<Unit filename="_release/fileHelper.d" />
		<Unit filename="_release/fs.d" />
		<Unit filename="_release/gui.d" />
		<Unit filename="_release/guiFileBrowser.d" />
		<Unit filename="_release/ncm.d" />
		<Unit filename="_release/ncm_ext.d" />
		<Unit filename="_release/ns_ext.d" />
		<Unit filename="_release/simpleFilesystem.d" />
		<Unit filename="_release/simple_filesystem.d" />
		<Unit filename="_release/title_util.d" />
		<Unit filename="_release/utils.d" />
		<Unit filename="nxFramework/SDL/SDLHelper.cpp" />
		<Unit filename="nxFramework/SDL/SDLHelper.h" />
		<Unit filename="nxFramework/SDL/SDLRender.cpp" />
		<Unit filename="nxFramework/SDL/SDLRender.h" />
		<Unit filename="nxFramework/app.cpp" />
		<Unit filename="nxFramework/app.h" />
		<Unit filename="nxFramework/common.cpp" />
		<Unit filename="nxFramework/common.h" />
		<Unit filename="nxFramework/fileHelper.cpp" />
		<Unit filename="nxFramework/filehelper.h" />
		<Unit filename="nxFramework/nspHelper.cpp" />
		<Unit filename="nxFramework/nspHelper.h" />
		<Unit filename="nxFramework/utils.cpp" />
		<Unit filename="nxFramework/utils.h" />
		<Unit filename="source/appInstaller.cpp" />
		<Unit filename="source/appInstaller.h" />
		<Unit filename="source/gui.cpp" />
		<Unit filename="source/gui.h" />
		<Unit filename="source/guiFileBrowser.cpp" />
		<Unit filename="source/guiFileBrowser.h" />
		<Unit filename="tinfoil/install/simple_filesystem.cpp" />
		<Unit filename="tinfoil/install/simple_filesystem.hpp" />
		<Unit filename="tinfoil/nx/content_meta.cpp" />
		<Unit filename="tinfoil/nx/content_meta.hpp" />
		<Unit filename="tinfoil/nx/fs.cpp" />
		<Unit filename="tinfoil/nx/fs.hpp" />
		<Unit filename="tinfoil/nx/ipc/es.c">
			<Option compilerVar="CC" />
		</Unit>
		<Unit filename="tinfoil/nx/ipc/es.h" />
		<Unit filename="tinfoil/nx/ipc/ncm_ext.c">
			<Option compilerVar="CC" />
		</Unit>
		<Unit filename="tinfoil/nx/ipc/ncm_ext.h" />
		<Unit filename="tinfoil/nx/ipc/ns_ext.c">
			<Option compilerVar="CC" />
		</Unit>
		<Unit filename="tinfoil/nx/ipc/ns_ext.h" />
		<Unit filename="tinfoil/nx/ipc/tin_ipc.h" />
		<Unit filename="tinfoil/nx/ncm.cpp" />
		<Unit filename="tinfoil/nx/ncm.hpp" />
		<Unit filename="tinfoil/util/byte_buffer.cpp" />
		<Unit filename="tinfoil/util/byte_buffer.hpp" />
		<Unit filename="tinfoil/util/title_util.cpp" />
		<Unit filename="tinfoil/util/title_util.hpp" />
		<Extensions>
			<code_completion />
			<envvars />
			<debugger />
		</Extensions>
	</Project>
</CodeBlocks_project_file>
